
Microsoft Visual Studio Solution File, Format Version 12.00
# Visual Studio Version 17
VisualStudioVersion = 17.11.35312.102
MinimumVisualStudioVersion = 10.0.40219.1
Project("{FAE04EC0-301F-11D3-BF4B-00C04F79EFBC}") = "patikadiziler", "patikadiziler\patikadiziler.csproj", "{43DBD91B-9A67-4A55-99EE-471B89BAEB01}"
EndProject
Global
	GlobalSection(SolutionConfigurationPlatforms) = preSolution
		Debug|Any CPU = Debug|Any CPU
		Release|Any CPU = Release|Any CPU
	EndGlobalSection
	GlobalSection(ProjectConfigurationPlatforms) = postSolution
		{43DBD91B-9A67-4A55-99EE-471B89BAEB01}.Debug|Any CPU.ActiveCfg = Debug|Any CPU
		{43DBD91B-9A67-4A55-99EE-471B89BAEB01}.Debug|Any CPU.Build.0 = Debug|Any CPU
		{43DBD91B-9A67-4A55-99EE-471B89BAEB01}.Release|Any CPU.ActiveCfg = Release|Any CPU
		{43DBD91B-9A67-4A55-99EE-471B89BAEB01}.Release|Any CPU.Build.0 = Release|Any CPU
	EndGlobalSection
	GlobalSection(SolutionProperties) = preSolution
		HideSolutionNode = FALSE
	EndGlobalSection
	GlobalSection(ExtensibilityGlobals) = postSolution
		SolutionGuid = {020B924B-017F-4891-8F2C-B39EDF326135}
	EndGlobalSection
EndGlobal
